
Microsoft Visual Studio Solution File, Format Version 12.00
# Visual Studio Version 16
VisualStudioVersion = 16.0.30114.105
MinimumVisualStudioVersion = 10.0.40219.1
Project("{FAE04EC0-301F-11D3-BF4B-00C04F79EFBC}") = "PhraseSplitService", "PhraseSplitService\PhraseSplitService.csproj", "{5F17B53E-E157-4C26-87F7-FF92E7734ADA}"
EndProject
Project("{FAE04EC0-301F-11D3-BF4B-00C04F79EFBC}") = "PhraseSplitService.Tests", "PhraseSplitService.Tests\PhraseSplitService.Tests.csproj", "{1FEED7DB-D854-4DDF-BF4B-75BEB0BB040C}"
EndProject
Global
	GlobalSection(SolutionConfigurationPlatforms) = preSolution
		Debug|Any CPU = Debug|Any CPU
		Release|Any CPU = Release|Any CPU
	EndGlobalSection
	GlobalSection(SolutionProperties) = preSolution
		HideSolutionNode = FALSE
	EndGlobalSection
	GlobalSection(ProjectConfigurationPlatforms) = postSolution
		{5F17B53E-E157-4C26-87F7-FF92E7734ADA}.Debug|Any CPU.ActiveCfg = Debug|Any CPU
		{5F17B53E-E157-4C26-87F7-FF92E7734ADA}.Debug|Any CPU.Build.0 = Debug|Any CPU
		{5F17B53E-E157-4C26-87F7-FF92E7734ADA}.Release|Any CPU.ActiveCfg = Release|Any CPU
		{5F17B53E-E157-4C26-87F7-FF92E7734ADA}.Release|Any CPU.Build.0 = Release|Any CPU
		{1FEED7DB-D854-4DDF-BF4B-75BEB0BB040C}.Debug|Any CPU.ActiveCfg = Debug|Any CPU
		{1FEED7DB-D854-4DDF-BF4B-75BEB0BB040C}.Debug|Any CPU.Build.0 = Debug|Any CPU
		{1FEED7DB-D854-4DDF-BF4B-75BEB0BB040C}.Release|Any CPU.ActiveCfg = Release|Any CPU
		{1FEED7DB-D854-4DDF-BF4B-75BEB0BB040C}.Release|Any CPU.Build.0 = Release|Any CPU
	EndGlobalSection
EndGlobal
